<?xml version="1.0" encoding="utf-8"?>
<Project ToolsVersion="4.0" xmlns="http://schemas.microsoft.com/developer/msbuild/2003">
  <ItemGroup>
    <Filter Include="Source Files">
      <UniqueIdentifier>{4FC737F1-C7A5-4376-A066-2A32D752A2FF}</UniqueIdentifier>
      <Extensions>cpp;c;cc;cxx;def;odl;idl;hpj;bat;asm;asmx</Extensions>
    </Filter>
    <Filter Include="Header Files">
      <UniqueIdentifier>{93995380-89BD-4b04-88EB-625FBE52EBFB}</UniqueIdentifier>
      <Extensions>h;hh;hpp;hxx;hm;inl;inc;xsd</Extensions>
    </Filter>
    <Filter Include="Header Files\Resource Files">
      <UniqueIdentifier>{67DA6AB6-F800-4c08-8B7A-83BB121AAD01}</UniqueIdentifier>
      <Extensions>rc;ico;cur;bmp;dlg;rc2;rct;bin;rgs;gif;jpg;jpeg;jpe;resx;tiff;tif;png;wav;mfcribbon-ms</Extensions>
    </Filter>
    <Filter Include="Header Files\SDL">
      <UniqueIdentifier>{9f4cfcd7-65bb-4406-bc66-5fe59f9bb6c1}</UniqueIdentifier>
    </Filter>
  </ItemGroup>
  <ItemGroup>
    <Text Include="ReadMe.txt" />
    <Text Include="assets\info.txt" />
  </ItemGroup>
  <ItemGroup>
    <ClInclude Include="stdafx.h">
      <Filter>Header Files</Filter>
    </ClInclude>
    <ClInclude Include="targetver.h">
      <Filter>Header Files</Filter>
    </ClInclude>
    <ClInclude Include="Game.h">
      <Filter>Header Files</Filter>
    </ClInclude>
    <ClInclude Include="GameEngine\Common.h">
      <Filter>Header Files</Filter>
    </ClInclude>
    <ClInclude Include="GameEngine\GameState.h">
      <Filter>Header Files</Filter>
    </ClInclude>
    <ClInclude Include="GameEngine\Graphics.h">
      <Filter>Header Files</Filter>
    </ClInclude>
    <ClInclude Include="GameEngine\GraphicsContainer.h">
      <Filter>Header Files</Filter>
    </ClInclude>
    <ClInclude Include="GameEngine\KeyHandler.h">
      <Filter>Header Files</Filter>
    </ClInclude>
    <ClInclude Include="GameEngine\UpdateAction.h">
      <Filter>Header Files</Filter>
    </ClInclude>
    <ClInclude Include="GameEngine\MouseHandler.h">
      <Filter>Header Files</Filter>
    </ClInclude>
    <ClInclude Include="GameEngine\CollisionComputable.h">
      <Filter>Header Files</Filter>
    </ClInclude>
    <ClInclude Include="GameEngine\GameManager.h">
      <Filter>Header Files</Filter>
    </ClInclude>
    <ClInclude Include="GameEngine\TexturePainter.h">
      <Filter>Header Files</Filter>
    </ClInclude>
    <ClInclude Include="GameEngine\Rectangle.h">
      <Filter>Header Files</Filter>
    </ClInclude>
    <ClInclude Include="GameEngine\Image.h">
      <Filter>Header Files</Filter>
    </ClInclude>
    <ClInclude Include="GameEngine\Line.h">
      <Filter>Header Files</Filter>
    </ClInclude>
    <ClInclude Include="VolcanoGameState.h">
      <Filter>Header Files</Filter>
    </ClInclude>
    <ClInclude Include="GamePlan.h">
      <Filter>Header Files</Filter>
    </ClInclude>
    <ClInclude Include="GameEngine\StaticGraphicsContainer.h">
      <Filter>Header Files</Filter>
    </ClInclude>
    <ClInclude Include="GameEngine\Sprite.h">
      <Filter>Header Files</Filter>
    </ClInclude>
    <ClInclude Include="IslandType.h">
      <Filter>Header Files</Filter>
    </ClInclude>
    <ClInclude Include="GameConstants.h">
      <Filter>Header Files</Filter>
    </ClInclude>
    <ClInclude Include="SDL\include\begin_code.h">
      <Filter>Header Files</Filter>
    </ClInclude>
    <ClInclude Include="SDL\include\close_code.h">
      <Filter>Header Files</Filter>
    </ClInclude>
    <ClInclude Include="SDL\include\SDL_video.h">
      <Filter>Header Files\SDL</Filter>
    </ClInclude>
    <ClInclude Include="SDL\include\SDL.h">
      <Filter>Header Files\SDL</Filter>
    </ClInclude>
    <ClInclude Include="SDL\include\SDL_assert.h">
      <Filter>Header Files\SDL</Filter>
    </ClInclude>
    <ClInclude Include="SDL\include\SDL_atomic.h">
      <Filter>Header Files\SDL</Filter>
    </ClInclude>
    <ClInclude Include="SDL\include\SDL_audio.h">
      <Filter>Header Files\SDL</Filter>
    </ClInclude>
    <ClInclude Include="SDL\include\SDL_bits.h">
      <Filter>Header Files\SDL</Filter>
    </ClInclude>
    <ClInclude Include="SDL\include\SDL_blendmode.h">
      <Filter>Header Files\SDL</Filter>
    </ClInclude>
    <ClInclude Include="SDL\include\SDL_clipboard.h">
      <Filter>Header Files\SDL</Filter>
    </ClInclude>
    <ClInclude Include="SDL\include\SDL_config.h">
      <Filter>Header Files\SDL</Filter>
    </ClInclude>
    <ClInclude Include="SDL\include\SDL_cpuinfo.h">
      <Filter>Header Files\SDL</Filter>
    </ClInclude>
    <ClInclude Include="SDL\include\SDL_egl.h">
      <Filter>Header Files\SDL</Filter>
    </ClInclude>
    <ClInclude Include="SDL\include\SDL_endian.h">
      <Filter>Header Files\SDL</Filter>
    </ClInclude>
    <ClInclude Include="SDL\include\SDL_error.h">
      <Filter>Header Files\SDL</Filter>
    </ClInclude>
    <ClInclude Include="SDL\include\SDL_events.h">
      <Filter>Header Files\SDL</Filter>
    </ClInclude>
    <ClInclude Include="SDL\include\SDL_filesystem.h">
      <Filter>Header Files\SDL</Filter>
    </ClInclude>
    <ClInclude Include="SDL\include\SDL_gamecontroller.h">
      <Filter>Header Files\SDL</Filter>
    </ClInclude>
    <ClInclude Include="SDL\include\SDL_gesture.h">
      <Filter>Header Files\SDL</Filter>
    </ClInclude>
    <ClInclude Include="SDL\include\SDL_haptic.h">
      <Filter>Header Files\SDL</Filter>
    </ClInclude>
    <ClInclude Include="SDL\include\SDL_hints.h">
      <Filter>Header Files\SDL</Filter>
    </ClInclude>
    <ClInclude Include="SDL\include\SDL_image.h">
      <Filter>Header Files\SDL</Filter>
    </ClInclude>
    <ClInclude Include="SDL\include\SDL_joystick.h">
      <Filter>Header Files\SDL</Filter>
    </ClInclude>
    <ClInclude Include="SDL\include\SDL_keyboard.h">
      <Filter>Header Files\SDL</Filter>
    </ClInclude>
    <ClInclude Include="SDL\include\SDL_keycode.h">
      <Filter>Header Files\SDL</Filter>
    </ClInclude>
    <ClInclude Include="SDL\include\SDL_loadso.h">
      <Filter>Header Files\SDL</Filter>
    </ClInclude>
    <ClInclude Include="SDL\include\SDL_log.h">
      <Filter>Header Files\SDL</Filter>
    </ClInclude>
    <ClInclude Include="SDL\include\SDL_main.h">
      <Filter>Header Files\SDL</Filter>
    </ClInclude>
    <ClInclude Include="SDL\include\SDL_messagebox.h">
      <Filter>Header Files\SDL</Filter>
    </ClInclude>
    <ClInclude Include="SDL\include\SDL_mouse.h">
      <Filter>Header Files\SDL</Filter>
    </ClInclude>
    <ClInclude Include="SDL\include\SDL_mutex.h">
      <Filter>Header Files\SDL</Filter>
    </ClInclude>
    <ClInclude Include="SDL\include\SDL_name.h">
      <Filter>Header Files\SDL</Filter>
    </ClInclude>
    <ClInclude Include="SDL\include\SDL_opengl.h">
      <Filter>Header Files\SDL</Filter>
    </ClInclude>
    <ClInclude Include="SDL\include\SDL_opengl_glext.h">
      <Filter>Header Files\SDL</Filter>
    </ClInclude>
    <ClInclude Include="SDL\include\SDL_opengles.h">
      <Filter>Header Files\SDL</Filter>
    </ClInclude>
    <ClInclude Include="SDL\include\SDL_opengles2.h">
      <Filter>Header Files\SDL</Filter>
    </ClInclude>
    <ClInclude Include="SDL\include\SDL_opengles2_gl2.h">
      <Filter>Header Files\SDL</Filter>
    </ClInclude>
    <ClInclude Include="SDL\include\SDL_opengles2_gl2ext.h">
      <Filter>Header Files\SDL</Filter>
    </ClInclude>
    <ClInclude Include="SDL\include\SDL_opengles2_gl2platform.h">
      <Filter>Header Files\SDL</Filter>
    </ClInclude>
    <ClInclude Include="SDL\include\SDL_opengles2_khrplatform.h">
      <Filter>Header Files\SDL</Filter>
    </ClInclude>
    <ClInclude Include="SDL\include\SDL_pixels.h">
      <Filter>Header Files\SDL</Filter>
    </ClInclude>
    <ClInclude Include="SDL\include\SDL_platform.h">
      <Filter>Header Files\SDL</Filter>
    </ClInclude>
    <ClInclude Include="SDL\include\SDL_power.h">
      <Filter>Header Files\SDL</Filter>
    </ClInclude>
    <ClInclude Include="SDL\include\SDL_quit.h">
      <Filter>Header Files\SDL</Filter>
    </ClInclude>
    <ClInclude Include="SDL\include\SDL_rect.h">
      <Filter>Header Files\SDL</Filter>
    </ClInclude>
    <ClInclude Include="SDL\include\SDL_render.h">
      <Filter>Header Files\SDL</Filter>
    </ClInclude>
    <ClInclude Include="SDL\include\SDL_revision.h">
      <Filter>Header Files\SDL</Filter>
    </ClInclude>
    <ClInclude Include="SDL\include\SDL_rwops.h">
      <Filter>Header Files\SDL</Filter>
    </ClInclude>
    <ClInclude Include="SDL\include\SDL_scancode.h">
      <Filter>Header Files\SDL</Filter>
    </ClInclude>
    <ClInclude Include="SDL\include\SDL_shape.h">
      <Filter>Header Files\SDL</Filter>
    </ClInclude>
    <ClInclude Include="SDL\include\SDL_stdinc.h">
      <Filter>Header Files\SDL</Filter>
    </ClInclude>
    <ClInclude Include="SDL\include\SDL_surface.h">
      <Filter>Header Files\SDL</Filter>
    </ClInclude>
    <ClInclude Include="SDL\include\SDL_system.h">
      <Filter>Header Files\SDL</Filter>
    </ClInclude>
    <ClInclude Include="SDL\include\SDL_syswm.h">
      <Filter>Header Files\SDL</Filter>
    </ClInclude>
    <ClInclude Include="SDL\include\SDL_test.h">
      <Filter>Header Files\SDL</Filter>
    </ClInclude>
    <ClInclude Include="SDL\include\SDL_test_assert.h">
      <Filter>Header Files\SDL</Filter>
    </ClInclude>
    <ClInclude Include="SDL\include\SDL_test_common.h">
      <Filter>Header Files\SDL</Filter>
    </ClInclude>
    <ClInclude Include="SDL\include\SDL_test_compare.h">
      <Filter>Header Files\SDL</Filter>
    </ClInclude>
    <ClInclude Include="SDL\include\SDL_test_crc32.h">
      <Filter>Header Files\SDL</Filter>
    </ClInclude>
    <ClInclude Include="SDL\include\SDL_test_font.h">
      <Filter>Header Files\SDL</Filter>
    </ClInclude>
    <ClInclude Include="SDL\include\SDL_test_fuzzer.h">
      <Filter>Header Files\SDL</Filter>
    </ClInclude>
    <ClInclude Include="SDL\include\SDL_test_harness.h">
      <Filter>Header Files\SDL</Filter>
    </ClInclude>
    <ClInclude Include="SDL\include\SDL_test_images.h">
      <Filter>Header Files\SDL</Filter>
    </ClInclude>
    <ClInclude Include="SDL\include\SDL_test_log.h">
      <Filter>Header Files\SDL</Filter>
    </ClInclude>
    <ClInclude Include="SDL\include\SDL_test_md5.h">
      <Filter>Header Files\SDL</Filter>
    </ClInclude>
    <ClInclude Include="SDL\include\SDL_test_random.h">
      <Filter>Header Files\SDL</Filter>
    </ClInclude>
    <ClInclude Include="SDL\include\SDL_thread.h">
      <Filter>Header Files\SDL</Filter>
    </ClInclude>
    <ClInclude Include="SDL\include\SDL_timer.h">
      <Filter>Header Files\SDL</Filter>
    </ClInclude>
    <ClInclude Include="SDL\include\SDL_touch.h">
      <Filter>Header Files\SDL</Filter>
    </ClInclude>
    <ClInclude Include="SDL\include\SDL_types.h">
      <Filter>Header Files\SDL</Filter>
    </ClInclude>
    <ClInclude Include="SDL\include\SDL_version.h">
      <Filter>Header Files\SDL</Filter>
    </ClInclude>
    <ClInclude Include="GameEngine\Button.h">
      <Filter>Header Files</Filter>
    </ClInclude>
    <ClInclude Include="GameEngine\MouseMotionHandler.h">
      <Filter>Header Files</Filter>
    </ClInclude>
    <ClInclude Include="VolcanoGameDirector.h">
      <Filter>Header Files</Filter>
    </ClInclude>
    <ClInclude Include="FireBall.h">
      <Filter>Header Files</Filter>
    </ClInclude>
    <ClInclude Include="FireBallGraphics.h">
      <Filter>Header Files</Filter>
    </ClInclude>
    <ClInclude Include="GamePlanGraphics.h">
      <Filter>Header Files</Filter>
    </ClInclude>
    <ClInclude Include="IslandGraphics.h">
      <Filter>Header Files</Filter>
    </ClInclude>
    <ClInclude Include="GameNodeGraphics.h">
      <Filter>Header Files</Filter>
    </ClInclude>
    <ClInclude Include="GameNode.h">
      <Filter>Header Files</Filter>
    </ClInclude>
    <ClInclude Include="PlayerGameControl.h">
      <Filter>Header Files</Filter>
    </ClInclude>
    <ClInclude Include="IslandMouseHandler.h">
      <Filter>Header Files</Filter>
    </ClInclude>
  </ItemGroup>
  <ItemGroup>
    <ClCompile Include="VolcanoIsles.cpp">
      <Filter>Source Files</Filter>
    </ClCompile>
    <ClCompile Include="GameEngine\CollisionComputable.cpp">
      <Filter>Source Files</Filter>
    </ClCompile>
    <ClCompile Include="GameEngine\Graphics.cpp">
      <Filter>Source Files</Filter>
    </ClCompile>
    <ClCompile Include="GameEngine\GraphicsContainer.cpp">
      <Filter>Source Files</Filter>
    </ClCompile>
    <ClCompile Include="GameEngine\KeyHandler.cpp">
      <Filter>Source Files</Filter>
    </ClCompile>
    <ClCompile Include="GameEngine\UpdateAction.cpp">
      <Filter>Source Files</Filter>
    </ClCompile>
    <ClCompile Include="GameEngine\MouseHandler.cpp">
      <Filter>Source Files</Filter>
    </ClCompile>
    <ClCompile Include="GameEngine\GameState.cpp">
      <Filter>Source Files</Filter>
    </ClCompile>
    <ClCompile Include="GameEngine\GameManager.cpp">
      <Filter>Source Files</Filter>
    </ClCompile>
    <ClCompile Include="GameEngine\TexturePainter.cpp">
      <Filter>Source Files</Filter>
    </ClCompile>
    <ClCompile Include="GameEngine\Rectangle.cpp">
      <Filter>Source Files</Filter>
    </ClCompile>
    <ClCompile Include="GameEngine\Image.cpp">
      <Filter>Source Files</Filter>
    </ClCompile>
    <ClCompile Include="GameEngine\Line.cpp">
      <Filter>Source Files</Filter>
    </ClCompile>
    <ClCompile Include="VolcanoGameState.cpp">
      <Filter>Source Files</Filter>
    </ClCompile>
    <ClCompile Include="GamePlan.cpp">
      <Filter>Source Files</Filter>
    </ClCompile>
    <ClCompile Include="GameEngine\StaticGraphicsContainer.cpp">
      <Filter>Source Files</Filter>
    </ClCompile>
    <ClCompile Include="GameEngine\Sprite.cpp">
      <Filter>Source Files</Filter>
    </ClCompile>
    <ClCompile Include="Game.cpp">
      <Filter>Source Files</Filter>
    </ClCompile>
    <ClCompile Include="GameEngine\Button.cpp">
      <Filter>Source Files</Filter>
    </ClCompile>
    <ClCompile Include="GameEngine\MouseMotionHandler.cpp">
      <Filter>Source Files</Filter>
    </ClCompile>
    <ClCompile Include="VolcanoGameDirector.cpp">
      <Filter>Source Files</Filter>
    </ClCompile>
    <ClCompile Include="Player.h">
      <Filter>Source Files</Filter>
    </ClCompile>
    <ClCompile Include="FireBall.cpp">
      <Filter>Source Files</Filter>
    </ClCompile>
    <ClCompile Include="FireBallGraphics.cpp">
      <Filter>Source Files</Filter>
    </ClCompile>
    <ClCompile Include="GamePlanGraphics.cpp">
      <Filter>Source Files</Filter>
    </ClCompile>
    <ClCompile Include="IslandGraphics.cpp">
      <Filter>Source Files</Filter>
    </ClCompile>
    <ClCompile Include="GameNodeGraphics.cpp">
      <Filter>Source Files</Filter>
    </ClCompile>
    <ClCompile Include="GameNode.cpp">
      <Filter>Source Files</Filter>
    </ClCompile>
    <ClCompile Include="PlayerGameControl.cpp">
      <Filter>Source Files</Filter>
    </ClCompile>
    <ClCompile Include="IslandMouseHandler.cpp">
      <Filter>Source Files</Filter>
    </ClCompile>
  </ItemGroup>
  <ItemGroup>
    <None Include="SDL2_image.dll" />
    <None Include="SDL2.dll" />
    <None Include="maps\rectangle.map" />
    <None Include="libpng16-16.dll" />
    <None Include="zlib1.dll" />
  </ItemGroup>
  <ItemGroup>
    <Image Include="assets\island_spritesheet.png">
      <Filter>Header Files\Resource Files</Filter>
    </Image>
    <Image Include="assets\arrow.png">
      <Filter>Header Files\Resource Files</Filter>
    </Image>
  </ItemGroup>
  <ItemGroup>
    <Library Include="SDL\lib\SDL2.lib" />
    <Library Include="SDL\lib\SDL2test.lib" />
    <Library Include="SDL\lib\SDL2_image.lib" />
    <Library Include="SDL\lib\SDL2main.lib" />
  </ItemGroup>
</Project>